PODS:
  - Cartography (3.1.0)
  - UITestKit (0.1.1)

DEPENDENCIES:
  - Cartography
  - UITestKit (from `../`)

EXTERNAL SOURCES:
  UITestKit:
    :path: "../"

SPEC CHECKSUMS:
  Cartography: 1988b7578871a56c036e7af17195cb2190edf18c
  UITestKit: fb7d5dd7d004a489fbfab5972692bb0f82cdabb3

PODFILE CHECKSUM: 767b758c16fb4cf2962148df30d47e64acddfa07

COCOAPODS: 1.5.3
