PODS:
  - Cartography (3.1.0)
  - UITestKit (0.1.1)

DEPENDENCIES:
  - Cartography
  - UITestKit (from `../`)

SPEC REPOS:
  https://github.com/cocoapods/specs.git:
    - Cartography

EXTERNAL SOURCES:
  UITestKit:
    :path: "../"

SPEC CHECKSUMS:
  Cartography: 1988b7578871a56c036e7af17195cb2190edf18c
  UITestKit: bb1fc2eb0cf68f54145826cc9f65a86d3ccd683d

PODFILE CHECKSUM: 767b758c16fb4cf2962148df30d47e64acddfa07

COCOAPODS: 1.5.3
